<?xml version="1.0" encoding="utf-8"?>
<Project ToolsVersion="4.0" xmlns="http://schemas.microsoft.com/developer/msbuild/2003">
  <ItemGroup>
    <FxCompile Include="resources\Shader\Line3D.PS.hlsl" />
    <FxCompile Include="resources\Shader\Line3D.VS.hlsl" />
    <FxCompile Include="resources\Shader\Object3d.PS.hlsl" />
    <FxCompile Include="resources\Shader\Object3d.VS.hlsl" />
    <FxCompile Include="resources\Shader\Particle.PS.hlsl" />
    <FxCompile Include="resources\Shader\Particle.VS.hlsl" />
    <FxCompile Include="resources\Shader\PostEffect\BoxFilter.PS.hlsl" />
    <FxCompile Include="resources\Shader\PostEffect\DepthBasedOutline.PS.hlsl" />
    <FxCompile Include="resources\Shader\PostEffect\Dissolve.PS.hlsl" />
    <FxCompile Include="resources\Shader\PostEffect\Fullscreen.PS.hlsl" />
    <FxCompile Include="resources\Shader\PostEffect\Fullscreen.VS.hlsl" />
    <FxCompile Include="resources\Shader\PostEffect\GaussianFilter.PS.hlsl" />
    <FxCompile Include="resources\Shader\PostEffect\Grayscale.PS.hlsl" />
    <FxCompile Include="resources\Shader\PostEffect\LuminanceBasedOutline.PS.hlsl" />
    <FxCompile Include="resources\Shader\PostEffect\RadialBlur.PS.hlsl" />
    <FxCompile Include="resources\Shader\PostEffect\Random.PS.hlsl" />
    <FxCompile Include="resources\Shader\PostEffect\Vignette.PS.hlsl" />
    <FxCompile Include="resources\Shader\ShadowMap\ShadowMap.PS.hlsl" />
    <FxCompile Include="resources\Shader\ShadowMap\ShadowMap.VS.hlsl" />
    <FxCompile Include="resources\Shader\SkinningObject3d.VS.hlsl" />
    <FxCompile Include="resources\Shader\SkyBox.PS.hlsl" />
    <FxCompile Include="resources\Shader\SkyBox.VS.hlsl" />
    <FxCompile Include="resources\Shader\Sprite.PS.hlsl" />
    <FxCompile Include="resources\Shader\Sprite.VS.hlsl" />
  </ItemGroup>
  <ItemGroup>
    <ClCompile Include="Game\Actor\NPC\Bullet\Pool\NpcBulletPool.cpp" />
    <ClCompile Include="Game\Actor\Station\UnitDirector\QuotaUnitDirector.cpp" />
    <ClCompile Include="Game\Actor\Player\Behavior\BasePlayerSpeedBehavior.cpp" />
    <ClCompile Include="Game\Physics\SweepAabb.cpp" />
    <ClCompile Include="Game\Pipeline\BoundaryShardPipeline.cpp" />
    <ClCompile Include="Game\Actor\Boundary\BoundaryShard.cpp" />
    <ClCompile Include="Game\Actor\NPC\EnemyNPC.cpp" />
    <ClCompile Include="Game\Actor\NPC\Navigation\MoveConstraint.cpp" />
    <ClCompile Include="Game\Actor\NPC\Navigation\NpcNavigator.cpp" />
    <ClCompile Include="Game\Actor\Player\Bullet\BasePlayerBullet.cpp" />
    <ClCompile Include="Game\Actor\Player\Bullet\BulletFactory.cpp" />
    <ClCompile Include="Game\Actor\Player\Bullet\PlayerBulletShooter.cpp" />
    <ClCompile Include="Game\Actor\Player\Bullet\PlayerMissile.cpp" />
    <ClCompile Include="Game\Actor\Player\Bullet\PlayerNormalBullet.cpp" />
    <ClCompile Include="Game\Pipeline\BoundaryEdgePipeline.cpp" />
    <ClCompile Include="Game\Pipeline\BoundaryPipeline.cpp" />
    <ClCompile Include="Game\Actor\Boundary\Boundary.cpp" />
    <ClCompile Include="Engine\2d\ImGuiManager.cpp" />
    <ClCompile Include="Engine\2d\Sprite.cpp" />
    <ClCompile Include="Engine\3d\BaseObject3d.cpp" />
    <ClCompile Include="Engine\3d\Object3DRegistry.cpp" />
    <ClCompile Include="Engine\3d\Line3d.cpp" />
    <ClCompile Include="Engine\3d\Mesh.cpp" />
    <ClCompile Include="Engine\3d\Model.cpp" />
    <ClCompile Include="Engine\3d\ModelManager.cpp" />
    <ClCompile Include="Engine\3d\Object3d.cpp" />
    <ClCompile Include="Engine\3d\ObjectColor.cpp" />
    <ClCompile Include="Engine\3d\ViewProjection.cpp" />
    <ClCompile Include="Engine\3d\WorldTransform.cpp" />
    <ClCompile Include="Engine\Animation\AnimationRegistry.cpp" />
    <ClCompile Include="Engine\Animation\ModelAnimation.cpp" />
    <ClCompile Include="Engine\Animation\Object3DAnimation.cpp" />
    <ClCompile Include="Engine\audio\Audio.cpp" />
    <ClCompile Include="Engine\base\DsvManager.cpp" />
    <ClCompile Include="Engine\base\RtvManager.cpp" />
    <ClCompile Include="Engine\base\SkyBoxRenderer.cpp" />
    <ClCompile Include="Engine\base\SpriteMaterial.cpp" />
    <ClCompile Include="Engine\base\SrvManager.cpp" />
    <ClCompile Include="Engine\base\TextureManager.cpp" />
    <ClCompile Include="Engine\base\WinApp.cpp" />
    <ClCompile Include="Engine\Collider\AABBCollider.cpp" />
    <ClCompile Include="Engine\Collider\BaseCollider.cpp" />
    <ClCompile Include="Engine\Collider\CollisionManager.cpp" />
    <ClCompile Include="Engine\Collider\OBBCollider.cpp" />
    <ClCompile Include="Engine\Core\EngineCore.cpp" />
    <ClCompile Include="Engine\Core\KTFramework.cpp" />
    <ClCompile Include="Engine\Core\KTGame.cpp" />
    <ClCompile Include="Engine\Dx\DirectXCommon.cpp" />
    <ClCompile Include="Engine\Dx\DxCommand.cpp" />
    <ClCompile Include="Engine\Dx\DxCompiler.cpp" />
    <ClCompile Include="Engine\Dx\DxDepthBuffer.cpp" />
    <ClCompile Include="Engine\Dx\DxDevice.cpp" />
    <ClCompile Include="Engine\Dx\DxReleaseChecker.cpp" />
    <ClCompile Include="Engine\Dx\DxRenderTarget.cpp" />
    <ClCompile Include="Engine\Dx\DxSwapChain.cpp" />
    <ClCompile Include="Engine\Easing\Easing.cpp" />
    <ClCompile Include="Engine\Easing\EasingFunction.cpp" />
    <ClCompile Include="Engine\Easing\EasingSequence.cpp" />
    <ClCompile Include="Engine\Easing\EasingStep.cpp" />
    <ClCompile Include="Engine\Frame\Frame.cpp" />
    <ClCompile Include="Engine\Function\Convert.cpp" />
    <ClCompile Include="Engine\Function\GetFile.cpp" />
    <ClCompile Include="Engine\input\GamePad.cpp" />
    <ClCompile Include="Engine\input\Input.cpp" />
    <ClCompile Include="Engine\input\Mouse.cpp" />
    <ClCompile Include="Engine\Lighrt\AmbientLight.cpp" />
    <ClCompile Include="Engine\Lighrt\AreaLight.cpp" />
    <ClCompile Include="Engine\Lighrt\AreaLightManager.cpp" />
    <ClCompile Include="Engine\Lighrt\DirectionalLight.cpp" />
    <ClCompile Include="Engine\Lighrt\Light.cpp" />
    <ClCompile Include="Engine\Lighrt\PointLight.cpp" />
    <ClCompile Include="Engine\Lighrt\PointLightManager.cpp" />
    <ClCompile Include="Engine\Lighrt\SpotLight.cpp" />
    <ClCompile Include="Engine\Lighrt\SpotLightManager.cpp" />
    <ClCompile Include="Engine\Material\BaseMaterial.cpp" />
    <ClCompile Include="Engine\Material\ModelMaterial.cpp" />
    <ClCompile Include="Engine\Material\MeshMaterial.cpp" />
    <ClCompile Include="Engine\Material\ParticleMaterial.cpp" />
    <ClCompile Include="Engine\Material\SkyBoxMaterial.cpp" />
    <ClCompile Include="Engine\Pipeline\Line3DPipeline.cpp" />
    <ClCompile Include="Engine\Pipeline\Object3DPiprline.cpp" />
    <ClCompile Include="Engine\Pipeline\ParticlePipeline.cpp" />
    <ClCompile Include="Engine\Pipeline\ShadowMapPipeline.cpp" />
    <ClCompile Include="Engine\Pipeline\SkinningObject3DPipeline.cpp" />
    <ClCompile Include="Engine\Pipeline\SpritePipeline.cpp" />
    <ClCompile Include="Engine\PostEffect\BasePostEffect.cpp" />
    <ClCompile Include="Engine\PostEffect\BoxFilter.cpp" />
    <ClCompile Include="Engine\PostEffect\Dissolve.cpp" />
    <ClCompile Include="Engine\PostEffect\GaussianFilter.cpp" />
    <ClCompile Include="Engine\PostEffect\GrayScale.cpp" />
    <ClCompile Include="Engine\PostEffect\LuminanceBasedOutline.cpp" />
    <ClCompile Include="Engine\PostEffect\NormalScreen.cpp" />
    <ClCompile Include="Engine\PostEffect\Outline.cpp" />
    <ClCompile Include="Engine\PostEffect\PostEffectRenderer.cpp" />
    <ClCompile Include="Engine\PostEffect\RadialBlur.cpp" />
    <ClCompile Include="Engine\PostEffect\RandomNoize.cpp" />
    <ClCompile Include="Engine\PostEffect\Vignette.cpp" />
    <ClCompile Include="Engine\Primitive\IPrimitive.cpp" />
    <ClCompile Include="Engine\Primitive\PrimitiveBox.cpp" />
    <ClCompile Include="Engine\Primitive\PrimitiveCylinder.cpp" />
    <ClCompile Include="Engine\Primitive\PrimitivePlane.cpp" />
    <ClCompile Include="Engine\Primitive\PrimitiveRing.cpp" />
    <ClCompile Include="Engine\ShadowMap\ShadowMap.cpp" />
    <ClCompile Include="Engine\utility\CameraEditor\CameraAnimation.cpp" />
    <ClCompile Include="Engine\utility\CameraEditor\CameraAnimationData.cpp" />
    <ClCompile Include="Engine\utility\CameraEditor\CameraEditor.cpp" />
    <ClCompile Include="Engine\utility\CameraEditor\CameraKeyFrame.cpp" />
    <ClCompile Include="Engine\utility\Debug\DebugCamera.cpp" />
    <ClCompile Include="Engine\utility\DissolveEditor\DissolveData.cpp" />
    <ClCompile Include="Engine\utility\DissolveEditor\DissolveEditor.cpp" />
    <ClCompile Include="Engine\utility\DissolveEditor\DissolvePlayer.cpp" />
    <ClCompile Include="Engine\utility\EasingCreator\EasingCreator.cpp" />
    <ClCompile Include="Engine\utility\EasingCreator\EasingEditor.cpp" />
    <ClCompile Include="Engine\utility\EasingCreator\EasingParameterData.cpp" />
    <ClCompile Include="Engine\utility\ParameterEditor\GlobalParameter.cpp" />
    <ClCompile Include="Engine\utility\ParticleEditor\ParticleEmitter.cpp" />
    <ClCompile Include="Engine\utility\ParticleEditor\ParticleManager.cpp" />
    <ClCompile Include="Engine\utility\ParticleEditor\ParticleParameter.cpp" />
    <ClCompile Include="Engine\utility\PostEffectEditor\PostEffectController.cpp" />
    <ClCompile Include="Engine\utility\PostEffectEditor\PostEffectData.cpp" />
    <ClCompile Include="Engine\utility\PutObjForBlender\PutObjForBlender.cpp" />
    <ClCompile Include="Engine\utility\RailEditor\ControlPosManager.cpp" />
    <ClCompile Include="Engine\utility\RailEditor\Rail.cpp" />
    <ClCompile Include="Engine\utility\RailEditor\RailManager.cpp" />
    <ClCompile Include="Engine\utility\ShakeEditor\ShakeData.cpp" />
    <ClCompile Include="Engine\utility\ShakeEditor\ShakeEditor.cpp" />
    <ClCompile Include="Engine\utility\ShakeEditor\ShakePlayer.cpp" />
    <ClCompile Include="Engine\utility\TimeScaleEditor\TimeScaleData.cpp" />
    <ClCompile Include="Engine\utility\TimeScaleEditor\TimeScaleController.cpp" />
    <ClCompile Include="Game\Actor\GameCamera\CameraRendition.cpp" />
    <ClCompile Include="Game\Actor\GameCamera\GameCamera.cpp" />
    <ClCompile Include="Game\Actor\Station\Base\BaseStation.cpp" />
    <ClCompile Include="Game\Actor\Station\Enemy\EnemyStation.cpp" />
    <ClCompile Include="Game\Actor\Station\Installer\StationsInstaller.cpp" />
    <ClCompile Include="Game\BaseObject\BaseObject.cpp" />
    <ClCompile Include="Game\DebugGround\TestGround.cpp" />
    <ClCompile Include="Game\EasingTestObj\EasingTestObj.cpp" />
    <ClCompile Include="Game\Pipeline\Buffer\IndexBuffer.cpp" />
    <ClCompile Include="Game\Pipeline\MiniMapPipeline.cpp" />
    <ClCompile Include="Game\Scene\BaseScene.cpp" />
    <ClCompile Include="Game\Scene\EditorScene.cpp" />
    <ClCompile Include="Game\Scene\Factory\SceneFactory.cpp" />
    <ClCompile Include="Game\Scene\GameScene.cpp" />
    <ClCompile Include="Game\Scene\Manager\SceneManager.cpp" />
    <ClCompile Include="Game\Scene\TitleScene.cpp" />
    <ClCompile Include="Game\SkyBox\SkyBox.cpp" />
    <ClCompile Include="main.cpp" />
    <ClCompile Include="math\Box.cpp" />
    <ClCompile Include="math\MathFunction.cpp" />
    <ClCompile Include="math\Matrix3x3.cpp" />
    <ClCompile Include="math\Matrix4x4.cpp" />
    <ClCompile Include="math\Quaternion.cpp" />
    <ClCompile Include="math\random.cpp" />
    <ClCompile Include="math\Shake.cpp" />
    <ClCompile Include="math\Vector2.cpp" />
    <ClCompile Include="math\Vector2Proxy.cpp" />
    <ClCompile Include="math\Vector3.cpp" />
    <ClCompile Include="math\Vector4.cpp" />
    <ClCompile Include="Game\Actor\Player\Player.cpp" />
    <ClCompile Include="Game\Actor\NPC\NPC.cpp" />
    <ClCompile Include="Game\Actor\Station\Player\PlayerStation.cpp" />
    <ClCompile Include="Game\Actor\NPC\PlayerNPC.cpp" />
    <ClCompile Include="Game\Actor\NPC\Pool\NpcPool.cpp" />
    <ClCompile Include="Game\Actor\NPC\Navigation\RectXZWithGatesConstraint.cpp" />
    <ClCompile Include="Game\Pipeline\MiniMapIconPipeline.cpp" />
    <ClCompile Include="Game\Actor\MiniMap\MiniMap.cpp" />
    <ClCompile Include="Game\AI\Station\StationAI.cpp" />
    <ClCompile Include="Game\Actor\NPC\Bullet\NpcBullet.cpp" />
    <ClCompile Include="Game\Actor\NPC\Bullet\FireController\NpcFierController.cpp" />
    <ClCompile Include="Game\Actor\Player\Behavior\BasePlayerSpeedBehavior.cpp" />
    <ClCompile Include="Game\Actor\Player\Behavior\PlayerAccelerator.cpp" />
    <ClCompile Include="Game\Actor\Player\Behavior\PlayerAcceleUnattended.cpp" />
    <ClCompile Include="Game\Pipeline\MiniMapPipeline.cpp" />
    <ClCompile Include="Game\Actor\UI\NumDraw\NumDraw.cpp" />
    <ClCompile Include="Game\Actor\UI\PlayerUI\PlayerAltUI.cpp" />
    <ClCompile Include="Game\Actor\UI\PlayerUI\PlayerSpeedUI.cpp" />
    <ClCompile Include="Game\Actor\UI\GameUIs.cpp" />
    <ClCompile Include="Game\Actor\SkyDome\SkyDome.cpp" />
    <ClCompile Include="Game\Actor\Player\Behavior\PlayerBrake.cpp" />
    <ClCompile Include="Game\Actor\Effects\GameScreenEffect\GameScreenEffect.cpp" />
    <ClCompile Include="Game\Pipeline\EffectPipelines\GameScreenEffectPipeline.cpp" />
    <ClCompile Include="Game\Actor\NPC\BoundaryBreaker\BoundaryBreaker.cpp" />
    <ClCompile Include="Game\Actor\NPC\BoundaryBreaker\Installer\BoundaryBreakerInstaller.cpp" />
    <ClCompile Include="Game\Actor\Spline\Spline.cpp" />
    <ClCompile Include="Game\TitleActor\FighterAircraft\FighterAircraft.cpp" />
    <ClCompile Include="Game\Actor\NPC\Bullet\NpcHomingBullet.cpp" />
    <ClCompile Include="Game\Actor\NPC\Bullet\NpcStraightBullet.cpp" />
    <ClCompile Include="Game\Actor\NPC\Bullet\BoundaryBreakerBullet.cpp" />
    <ClCompile Include="Game\TitleActor\TitleSprite\TitleSprite.cpp" />
    <ClCompile Include="Game\Actor\Player\Reticle\PlayerReticle.cpp" />
    <ClCompile Include="Game\Actor\NPC\BoundaryBreaker\BoundaryBreaker.cpp" />
    <ClCompile Include="Game\Actor\NPC\BoundaryBreaker\Installer\BoundaryBreakerInstaller.cpp" />
    <ClCompile Include="Game\TitleActor\FighterAircraft\FighterAircraft.cpp" />
    <ClCompile Include="Game\Actor\Spline\Spline.cpp" />
    <ClCompile Include="Game\TitleActor\TitleSprite\TitleSprite.cpp" />
    <ClCompile Include="Game\Fade\Fade.cpp" />
    <ClCompile Include="Game\Actor\Player\LockOn\LockOn.cpp" />
    <ClCompile Include="Game\Option\GameOption.cpp" />
    <ClCompile Include="Game\Option\Item\GameOptionItem.cpp" />
    <ClCompile Include="Game\PauseActor\Item\PauseMenuItem.cpp" />
    <ClCompile Include="Game\PauseActor\Pause.cpp" />
    <ClCompile Include="Game\Option\Item\SoundOption.cpp" />
    <ClCompile Include="Game\Actor\Player\TargetManager\TargetManager.cpp" />
  </ItemGroup>
  <ItemGroup>
    <ClInclude Include="Game\Actor\NPC\Bullet\Pool\NpcBulletPool.h" />
    <ClInclude Include="Game\Actor\Boundary\BoundaryShard.h" />
    <ClInclude Include="Game\Actor\Boundary\RectXZ.h" />
    <ClInclude Include="Game\Actor\NPC\EnemyNPC.h" />
    <ClInclude Include="Game\Actor\NPC\Navigation\MoveConstraint.h" />
    <ClInclude Include="Game\Actor\NPC\Navigation\NpcNavigator.h" />
    <ClInclude Include="Game\Actor\Player\Behavior\BasePlayerSpeedBehavior.h" />
    <ClInclude Include="Game\Actor\Player\Bullet\BasePlayerBullet.h" />
    <ClInclude Include="Game\Actor\Player\Bullet\BulletFactory.h" />
    <ClInclude Include="Game\Actor\Player\Bullet\PlayerBulletShooter.h" />
    <ClInclude Include="Game\Actor\Player\Bullet\PlayerMissile.h" />
    <ClInclude Include="Game\Actor\Player\Bullet\PlayerNormalBullet.h" />
    <ClInclude Include="Game\Actor\Station\UnitDirector\IUnitDirector.h" />
    <ClInclude Include="Game\Actor\Station\UnitDirector\QuotaUnitDirector.h" />
    <ClInclude Include="Game\Details\IDamageSurface.h" />
    <ClInclude Include="Game\Physics\Contact.h" />
    <ClInclude Include="Game\Physics\SweepAabb.h" />
    <ClInclude Include="Game\Pipeline\BoundaryEdgePipeline.h" />
    <ClInclude Include="Game\Pipeline\BoundaryPipeline.h" />
    <ClInclude Include="Game\Actor\Boundary\Boundary.h" />
    <ClInclude Include="Engine\2d\ImGuiManager.h" />
    <ClInclude Include="Engine\2d\Sprite.h" />
    <ClInclude Include="Engine\3d\BaseObject3d.h" />
    <ClInclude Include="Engine\3d\Object3DRegistry.h" />
    <ClInclude Include="Engine\3d\Line3d.h" />
    <ClInclude Include="Engine\3d\Mesh.h" />
    <ClInclude Include="Engine\3d\Model.h" />
    <ClInclude Include="Engine\3d\ModelManager.h" />
    <ClInclude Include="Engine\3d\Object3d.h" />
    <ClInclude Include="Engine\3d\ObjectColor.h" />
    <ClInclude Include="Engine\3d\ViewProjection.h" />
    <ClInclude Include="Engine\3d\WorldTransform.h" />
    <ClInclude Include="Engine\Animation\AnimationData.h" />
    <ClInclude Include="Engine\Animation\AnimationRegistry.h" />
    <ClInclude Include="Engine\Animation\ModelAnimation.h" />
    <ClInclude Include="Engine\Animation\Object3DAnimation.h" />
    <ClInclude Include="Engine\Animation\SkeletonData.h" />
    <ClInclude Include="Engine\Animation\SkinCluster.h" />
    <ClInclude Include="Engine\audio\Audio.h" />
    <ClInclude Include="Engine\base\DsvManager.h" />
    <ClInclude Include="Engine\base\RtvManager.h" />
    <ClInclude Include="Engine\base\SkyBoxRenderer.h" />
    <ClInclude Include="Engine\base\SpriteMaterial.h" />
    <ClInclude Include="Engine\base\SrvManager.h" />
    <ClInclude Include="Engine\base\TextureManager.h" />
    <ClInclude Include="Engine\base\WinApp.h" />
    <ClInclude Include="Engine\Collider\AABBCollider.h" />
    <ClInclude Include="Engine\Collider\BaseCollider.h" />
    <ClInclude Include="Engine\Collider\CollisionManager.h" />
    <ClInclude Include="Engine\Collider\OBBCollider.h" />
    <ClInclude Include="Engine\Core\EngineCore.h" />
    <ClInclude Include="Engine\Core\KTFramework.h" />
    <ClInclude Include="Engine\Core\KTGame.h" />
    <ClInclude Include="Engine\Dx\DirectXCommon.h" />
    <ClInclude Include="Engine\Dx\DxCommand.h" />
    <ClInclude Include="Engine\Dx\DxCompiler.h" />
    <ClInclude Include="Engine\Dx\DxDepthBuffer.h" />
    <ClInclude Include="Engine\Dx\DxDevice.h" />
    <ClInclude Include="Engine\Dx\DxReleaseChecker.h" />
    <ClInclude Include="Engine\Dx\DxRenderTarget.h" />
    <ClInclude Include="Engine\Dx\DxSwapChain.h" />
    <ClInclude Include="Engine\Easing\Easing.h" />
    <ClInclude Include="Engine\Easing\EasingFunction.h" />
    <ClInclude Include="Engine\Easing\EasingSequence.h" />
    <ClInclude Include="Engine\Easing\EasingStep.h" />
    <ClInclude Include="Engine\Frame\Frame.h" />
    <ClInclude Include="Engine\Function\Convert.h" />
    <ClInclude Include="Engine\Function\GetFile.h" />
    <ClInclude Include="Engine\Function\Log.h" />
    <ClInclude Include="Engine\input\GamePad.h" />
    <ClInclude Include="Engine\input\Input.h" />
    <ClInclude Include="Engine\input\Mouse.h" />
    <ClInclude Include="Engine\Lighrt\AmbientLight.h" />
    <ClInclude Include="Engine\Lighrt\AreaLight.h" />
    <ClInclude Include="Engine\Lighrt\AreaLightManager.h" />
    <ClInclude Include="Engine\Lighrt\DirectionalLight.h" />
    <ClInclude Include="Engine\Lighrt\Light.h" />
    <ClInclude Include="Engine\Lighrt\PointLight.h" />
    <ClInclude Include="Engine\Lighrt\PointLightManager.h" />
    <ClInclude Include="Engine\Lighrt\SpotLight.h" />
    <ClInclude Include="Engine\Lighrt\SpotLightManager.h" />
    <ClInclude Include="Engine\Material\BaseMaterial.h" />
    <ClInclude Include="Engine\Material\ModelMaterial.h" />
    <ClInclude Include="Engine\Material\MeshMaterial.h" />
    <ClInclude Include="Engine\Material\ParticleMaterial.h" />
    <ClInclude Include="Engine\Material\SkyBoxMaterial.h" />
    <ClInclude Include="Engine\Pipeline\Line3DPipeline.h" />
    <ClInclude Include="Engine\Pipeline\Object3DPiprline.h" />
    <ClInclude Include="Engine\Pipeline\ParticlePipeline.h" />
    <ClInclude Include="Engine\Pipeline\ShadowMapPipeline.h" />
    <ClInclude Include="Engine\Pipeline\SkinningObject3DPipeline.h" />
    <ClInclude Include="Engine\Pipeline\SpritePipeline.h" />
    <ClInclude Include="Engine\PostEffect\BasePostEffect.h" />
    <ClInclude Include="Engine\PostEffect\BoxFilter.h" />
    <ClInclude Include="Engine\PostEffect\Dissolve.h" />
    <ClInclude Include="Engine\PostEffect\GaussianFilter.h" />
    <ClInclude Include="Engine\PostEffect\GrayScale.h" />
    <ClInclude Include="Engine\PostEffect\LuminanceBasedOutline.h" />
    <ClInclude Include="Engine\PostEffect\NormalScreen.h" />
    <ClInclude Include="Engine\PostEffect\Outline.h" />
    <ClInclude Include="Engine\PostEffect\PostEffectRenderer.h" />
    <ClInclude Include="Engine\PostEffect\RadialBlur.h" />
    <ClInclude Include="Engine\PostEffect\RandomNoize.h" />
    <ClInclude Include="Engine\PostEffect\Vignette.h" />
    <ClInclude Include="Engine\Primitive\IPrimitive.h" />
    <ClInclude Include="Engine\Primitive\PrimitiveBox.h" />
    <ClInclude Include="Engine\Primitive\PrimitiveCylinder.h" />
    <ClInclude Include="Engine\Primitive\PrimitivePlane.h" />
    <ClInclude Include="Engine\Primitive\PrimitiveRing.h" />
    <ClInclude Include="Engine\ShadowMap\ShadowMap.h" />
    <ClInclude Include="Engine\ShadowMap\ShadowMapData.h" />
    <ClInclude Include="Engine\struct\D3DResourceLeakCheck.h" />
    <ClInclude Include="Engine\struct\MaterialData.h" />
    <ClInclude Include="Engine\struct\ModelData.h" />
    <ClInclude Include="Engine\struct\ParticleForGPU.h" />
    <ClInclude Include="Engine\struct\SoundData.h" />
    <ClInclude Include="Engine\struct\Transform.h" />
    <ClInclude Include="Engine\struct\TransformationMatrix.h" />
    <ClInclude Include="Engine\struct\VertexData.h" />
    <ClInclude Include="Engine\utility\CameraEditor\CameraAnimation.h" />
    <ClInclude Include="Engine\utility\CameraEditor\CameraAnimationData.h" />
    <ClInclude Include="Engine\utility\CameraEditor\CameraEditor.h" />
    <ClInclude Include="Engine\utility\CameraEditor\CameraKeyFrame.h" />
    <ClInclude Include="Engine\utility\Debug\DebugCamera.h" />
    <ClInclude Include="Engine\utility\DissolveEditor\DissolveData.h" />
    <ClInclude Include="Engine\utility\DissolveEditor\DissolveEditor.h" />
    <ClInclude Include="Engine\utility\DissolveEditor\DissolvePlayer.h" />
    <ClInclude Include="Engine\utility\EasingCreator\EasingCreator.h" />
    <ClInclude Include="Engine\utility\EasingCreator\EasingEditor.h" />
    <ClInclude Include="Engine\utility\EasingCreator\EasingParameterData.h" />
    <ClInclude Include="Engine\utility\ParameterEditor\GlobalParameter.h" />
    <ClInclude Include="Engine\utility\ParticleEditor\ParticleEmitter.h" />
    <ClInclude Include="Engine\utility\ParticleEditor\ParticleManager.h" />
    <ClInclude Include="Engine\utility\ParticleEditor\ParticleParameter.h" />
    <ClInclude Include="Engine\utility\PostEffectEditor\PostEffectController.h" />
    <ClInclude Include="Engine\utility\PostEffectEditor\PostEffectData.h" />
    <ClInclude Include="Engine\utility\PutObjForBlender\PutObjForBlender.h" />
    <ClInclude Include="Engine\utility\RailEditor\ControlPosManager.h" />
    <ClInclude Include="Engine\utility\RailEditor\Rail.h" />
    <ClInclude Include="Engine\utility\RailEditor\RailManager.h" />
    <ClInclude Include="Engine\utility\ShakeEditor\ShakeData.h" />
    <ClInclude Include="Engine\utility\ShakeEditor\ShakeEditor.h" />
    <ClInclude Include="Engine\utility\ShakeEditor\ShakePlayer.h" />
    <ClInclude Include="Engine\utility\TimeScaleEditor\TimeScaleData.h" />
    <ClInclude Include="Engine\utility\TimeScaleEditor\TimeScaleController.h" />
    <ClInclude Include="Game\Actor\GameCamera\CameraRendition.h" />
    <ClInclude Include="Game\Actor\GameCamera\GameCamera.h" />
    <ClInclude Include="Game\Actor\Station\Base\BaseStation.h" />
    <ClInclude Include="Game\Actor\Station\Detail\StationDetail.h" />
    <ClInclude Include="Game\Actor\Station\Enemy\EnemyStation.h" />
    <ClInclude Include="Game\Actor\Station\Installer\StationsInstaller.h" />
    <ClInclude Include="Game\BaseObject\BaseObject.h" />
    <ClInclude Include="Game\Details\Faction.h" />
    <ClInclude Include="Game\DebugGround\TestGround.h" />
    <ClInclude Include="Game\EasingTestObj\EasingTestObj.h" />
    <ClInclude Include="Game\Pipeline\BoundaryShardPipeline.h" />
    <ClInclude Include="Game\Pipeline\Buffer\ConstantBuffer.h" />
    <ClInclude Include="Game\Pipeline\Buffer\IndexBuffer.h" />
    <ClInclude Include="Game\Pipeline\Buffer\StructuredBuffer.h" />
    <ClInclude Include="Game\Pipeline\Buffer\VertexBuffer.h" />
    <ClInclude Include="Game\Pipeline\MiniMapPipeline.h" />
    <ClInclude Include="Game\Scene\BaseScene.h" />
    <ClInclude Include="Game\Scene\EditorScene.h" />
    <ClInclude Include="Game\Scene\Factory\AbstractSceneFactory.h" />
    <ClInclude Include="Game\Scene\Factory\SceneFactory.h" />
    <ClInclude Include="Game\Scene\GameScene.h" />
    <ClInclude Include="Game\Scene\Manager\SceneManager.h" />
    <ClInclude Include="Game\Scene\TitleScene.h" />
    <ClInclude Include="Game\SkyBox\SkyBox.h" />
    <ClInclude Include="math\Box.h" />
    <ClInclude Include="math\MathFunction.h" />
    <ClInclude Include="math\Matrix3x3.h" />
    <ClInclude Include="math\Matrix4x4.h" />
    <ClInclude Include="math\MinMax.h" />
    <ClInclude Include="math\Quaternion.h" />
    <ClInclude Include="math\random.h" />
    <ClInclude Include="math\Shake.h" />
    <ClInclude Include="math\Vector2.h" />
    <ClInclude Include="math\Vector2Proxy.h" />
    <ClInclude Include="math\Vector3.h" />
    <ClInclude Include="math\Vector4.h" />
    <ClInclude Include="Game\Actor\Player\Player.h" />
    <ClInclude Include="Game\Actor\NPC\NPC.h" />
    <ClInclude Include="Game\Actor\Station\Player\PlayerStation.h" />
    <ClInclude Include="Game\Actor\NPC\PlayerNPC.h" />
    <ClInclude Include="Game\Actor\NPC\Pool\NpcPool.h" />
    <ClInclude Include="Game\Actor\NPC\Navigation\RectXZWithGatesConstraint.h" />
    <ClInclude Include="Game\Pipeline\MiniMapIconPipeline.h" />
    <ClInclude Include="Game\Actor\MiniMap\MiniMap.h" />
    <ClInclude Include="Game\AI\Station\StationAI.h" />
    <ClInclude Include="Game\Actor\NPC\Bullet\NpcBullet.h" />
    <ClInclude Include="Game\Actor\NPC\Bullet\FireController\NpcFierController.h" />
    <ClInclude Include="Game\Actor\Player\Behavior\BasePlayerSpeedBehavior.h" />
    <ClInclude Include="Game\Actor\Player\Behavior\PlayerAccelerator.h" />
    <ClInclude Include="Game\Actor\Player\Behavior\PlayerAcceleUnattended.h" />
    <ClInclude Include="Game\Pipeline\MiniMapPipeline.h" />
    <ClInclude Include="Game\Actor\UI\NumDraw\NumDraw.h" />
    <ClInclude Include="Game\Actor\UI\PlayerUI\PlayerAltUI.h" />
    <ClInclude Include="Game\Actor\UI\PlayerUI\PlayerSpeedUI.h" />
    <ClInclude Include="Game\Actor\UI\GameUIs.h" />
    <ClInclude Include="Game\Actor\SkyDome\SkyDome.h" />
    <ClInclude Include="Game\Actor\Player\Behavior\PlayerBrake.h" />
    <ClInclude Include="Game\Actor\Effects\GameScreenEffect\GameScreenEffect.h" />
    <ClInclude Include="Game\Pipeline\EffectPipelines\GameScreenEffectPipeline.h" />
    <ClInclude Include="Game\Actor\NPC\BoundaryBreaker\BoundaryBreaker.h" />
    <ClInclude Include="Game\Actor\NPC\BoundaryBreaker\Installer\BoundaryBreakerInstaller.h" />
    <ClInclude Include="Game\Actor\Spline\Spline.h" />
    <ClInclude Include="Game\TitleActor\FighterAircraft\FighterAircraft.h" />
    <ClInclude Include="Game\Actor\NPC\Bullet\NpcHomingBullet.h" />
    <ClInclude Include="Game\Actor\NPC\Bullet\NpcStraightBullet.h" />
    <ClInclude Include="Game\Actor\NPC\Bullet\BoundaryBreakerBullet.h" />
    <ClInclude Include="Game\TitleActor\TitleSprite\TitleSprite.h" />
    <ClInclude Include="Game\Actor\Player\Reticle\PlayerReticle.h" />
    <ClInclude Include="Game\Actor\NPC\BoundaryBreaker\BoundaryBreaker.h" />
    <ClInclude Include="Game\Actor\NPC\BoundaryBreaker\Installer\BoundaryBreakerInstaller.h" />
    <ClInclude Include="Game\TitleActor\FighterAircraft\FighterAircraft.h" />
    <ClInclude Include="Game\Actor\Spline\Spline.h" />
    <ClInclude Include="Game\TitleActor\TitleSprite\TitleSprite.h" />
    <ClInclude Include="Game\Fade\Fade.h" />
    <ClInclude Include="Game\Actor\Player\LockOn\LockOn.h" />
    <ClInclude Include="Game\Option\GameOption.h" />
    <ClInclude Include="Game\Option\Item\GameOptionItem.h" />
    <ClInclude Include="Game\PauseActor\Item\PauseMenuItem.h" />
    <ClInclude Include="Game\PauseActor\Pause.h" />
    <ClInclude Include="Game\Option\Item\SoundOption.h" />
    <ClInclude Include="Game\Actor\Player\TargetManager\TargetManager.h" />
  </ItemGroup>
  <ItemGroup>
    <None Include=".editorconfig" />
    <None Include="resources\Shader\Lighting\AmbientLight.hlsli" />
    <None Include="resources\Shader\Lighting\AreaLight.hlsli" />
    <None Include="resources\Shader\Lighting\DirectionalLight.hlsli" />
    <None Include="resources\Shader\Lighting\Light.hlsli" />
    <None Include="resources\Shader\Lighting\PointLight.hlsli" />
    <None Include="resources\Shader\Lighting\SpotLight.hlsli" />
    <None Include="resources\Shader\Line3D.hlsli" />
    <None Include="resources\Shader\Object3d.hlsli" />
    <None Include="resources\Shader\Particle.hlsli" />
    <None Include="resources\Shader\PostEffect\Fullscreen.hlsli" />
    <None Include="resources\Shader\ShadowMap\ShadowMap.hlsli" />
    <None Include="resources\Shader\SkinningObject3d.hlsli" />
    <None Include="resources\Shader\SkyBox.hlsli" />
    <None Include="resources\Shader\Sprite.hlsli" />
  </ItemGroup>
</Project>